
Microsoft Visual Studio Solution File, Format Version 12.00
# Visual Studio Version 17
VisualStudioVersion = 17.3.32804.467
MinimumVisualStudioVersion = 10.0.40219.1
Project("{9A19103F-16F7-4668-BE54-9A1E7A4F7556}") = "SFA.DAS.Roatp.ProviderModeration.Application", "SFA.DAS.Roatp.ProviderModeration.Application\SFA.DAS.Roatp.ProviderModeration.Application.csproj", "{20A60766-246B-4D11-9750-B0974FA75807}"
EndProject
Project("{2150E333-8FDC-42A3-9474-1A3956D46DE8}") = "Tests", "Tests", "{B3D1E491-5C32-4DDD-B396-45DA8A02E9AA}"
EndProject
Project("{9A19103F-16F7-4668-BE54-9A1E7A4F7556}") = "SFA.DAS.Roatp.ProviderModeration.Web", "SFA.DAS.Roatp.ProviderModeration.Web\SFA.DAS.Roatp.ProviderModeration.Web.csproj", "{BD58A2D7-D018-4BDB-8A11-5B1DA3A5E71A}"
EndProject
Project("{FAE04EC0-301F-11D3-BF4B-00C04F79EFBC}") = "SFA.DAS.Roatp.ProviderModeration.Domain", "SFA.DAS.Roatp.ProviderModeration.Domain\SFA.DAS.Roatp.ProviderModeration.Domain.csproj", "{5F237C30-403A-413D-A1CB-FDAA35835C8D}"
EndProject
Project("{FAE04EC0-301F-11D3-BF4B-00C04F79EFBC}") = "SFA.DAS.Roatp.ProviderModeration.Infrastructure", "SFA.DAS.Roatp.ProviderModeration.Infrastructure\SFA.DAS.Roatp.ProviderModeration.Infrastructure.csproj", "{E2409F05-C9E5-457A-8348-028582B988B8}"
EndProject
Global
	GlobalSection(SolutionConfigurationPlatforms) = preSolution
		Debug|Any CPU = Debug|Any CPU
		Release|Any CPU = Release|Any CPU
	EndGlobalSection
	GlobalSection(ProjectConfigurationPlatforms) = postSolution
		{20A60766-246B-4D11-9750-B0974FA75807}.Debug|Any CPU.ActiveCfg = Debug|Any CPU
		{20A60766-246B-4D11-9750-B0974FA75807}.Debug|Any CPU.Build.0 = Debug|Any CPU
		{20A60766-246B-4D11-9750-B0974FA75807}.Release|Any CPU.ActiveCfg = Release|Any CPU
		{20A60766-246B-4D11-9750-B0974FA75807}.Release|Any CPU.Build.0 = Release|Any CPU
		{BD58A2D7-D018-4BDB-8A11-5B1DA3A5E71A}.Debug|Any CPU.ActiveCfg = Debug|Any CPU
		{BD58A2D7-D018-4BDB-8A11-5B1DA3A5E71A}.Debug|Any CPU.Build.0 = Debug|Any CPU
		{BD58A2D7-D018-4BDB-8A11-5B1DA3A5E71A}.Release|Any CPU.ActiveCfg = Release|Any CPU
		{BD58A2D7-D018-4BDB-8A11-5B1DA3A5E71A}.Release|Any CPU.Build.0 = Release|Any CPU
		{5F237C30-403A-413D-A1CB-FDAA35835C8D}.Debug|Any CPU.ActiveCfg = Debug|Any CPU
		{5F237C30-403A-413D-A1CB-FDAA35835C8D}.Debug|Any CPU.Build.0 = Debug|Any CPU
		{5F237C30-403A-413D-A1CB-FDAA35835C8D}.Release|Any CPU.ActiveCfg = Release|Any CPU
		{5F237C30-403A-413D-A1CB-FDAA35835C8D}.Release|Any CPU.Build.0 = Release|Any CPU
		{E2409F05-C9E5-457A-8348-028582B988B8}.Debug|Any CPU.ActiveCfg = Debug|Any CPU
		{E2409F05-C9E5-457A-8348-028582B988B8}.Debug|Any CPU.Build.0 = Debug|Any CPU
		{E2409F05-C9E5-457A-8348-028582B988B8}.Release|Any CPU.ActiveCfg = Release|Any CPU
		{E2409F05-C9E5-457A-8348-028582B988B8}.Release|Any CPU.Build.0 = Release|Any CPU
	EndGlobalSection
	GlobalSection(SolutionProperties) = preSolution
		HideSolutionNode = FALSE
	EndGlobalSection
	GlobalSection(ExtensibilityGlobals) = postSolution
		SolutionGuid = {075AC42B-D305-44FE-8FC6-702D7DA7B08B}
	EndGlobalSection
EndGlobal
